
Microsoft Visual Studio Solution File, Format Version 12.00
# Visual Studio Version 17
VisualStudioVersion = 17.7.34024.191
MinimumVisualStudioVersion = 10.0.40219.1
Project("{FAE04EC0-301F-11D3-BF4B-00C04F79EFBC}") = "TabloYedekleme", "TabloYedekleme\TabloYedekleme.csproj", "{5D3BCD7E-EF41-482E-8B86-571046E50EF3}"
EndProject
Global
	GlobalSection(SolutionConfigurationPlatforms) = preSolution
		Debug|Any CPU = Debug|Any CPU
		Release|Any CPU = Release|Any CPU
	EndGlobalSection
	GlobalSection(ProjectConfigurationPlatforms) = postSolution
		{5D3BCD7E-EF41-482E-8B86-571046E50EF3}.Debug|Any CPU.ActiveCfg = Debug|Any CPU
		{5D3BCD7E-EF41-482E-8B86-571046E50EF3}.Debug|Any CPU.Build.0 = Debug|Any CPU
		{5D3BCD7E-EF41-482E-8B86-571046E50EF3}.Release|Any CPU.ActiveCfg = Release|Any CPU
		{5D3BCD7E-EF41-482E-8B86-571046E50EF3}.Release|Any CPU.Build.0 = Release|Any CPU
	EndGlobalSection
	GlobalSection(SolutionProperties) = preSolution
		HideSolutionNode = FALSE
	EndGlobalSection
	GlobalSection(ExtensibilityGlobals) = postSolution
		SolutionGuid = {D7438FFA-C474-4128-8F38-9894B0B3C8AB}
	EndGlobalSection
EndGlobal
